
Microsoft Visual Studio Solution File, Format Version 12.00
# Visual Studio 15
VisualStudioVersion = 15.0.27703.2035
MinimumVisualStudioVersion = 10.0.40219.1
Project("{FAE04EC0-301F-11D3-BF4B-00C04F79EFBC}") = "MessingWithLoops", "MessingWithLoops\MessingWithLoops.csproj", "{2001804E-71DE-4775-8E03-87EABDBF53D4}"
EndProject
Global
	GlobalSection(SolutionConfigurationPlatforms) = preSolution
		Debug|Any CPU = Debug|Any CPU
		Release|Any CPU = Release|Any CPU
	EndGlobalSection
	GlobalSection(ProjectConfigurationPlatforms) = postSolution
		{2001804E-71DE-4775-8E03-87EABDBF53D4}.Debug|Any CPU.ActiveCfg = Debug|Any CPU
		{2001804E-71DE-4775-8E03-87EABDBF53D4}.Debug|Any CPU.Build.0 = Debug|Any CPU
		{2001804E-71DE-4775-8E03-87EABDBF53D4}.Release|Any CPU.ActiveCfg = Release|Any CPU
		{2001804E-71DE-4775-8E03-87EABDBF53D4}.Release|Any CPU.Build.0 = Release|Any CPU
	EndGlobalSection
	GlobalSection(SolutionProperties) = preSolution
		HideSolutionNode = FALSE
	EndGlobalSection
	GlobalSection(ExtensibilityGlobals) = postSolution
		SolutionGuid = {5DE601F8-1BDF-412F-BD18-668121AC16FB}
	EndGlobalSection
EndGlobal
